
Microsoft Visual Studio Solution File, Format Version 12.00
# Visual Studio Version 17
VisualStudioVersion = 17.10.35013.160
MinimumVisualStudioVersion = 10.0.40219.1
Project("{FAE04EC0-301F-11D3-BF4B-00C04F79EFBC}") = "mimir-api", "mimir-api\mimir-api.csproj", "{C1809522-7253-4E48-B253-7ED989A55F13}"
EndProject
Global
	GlobalSection(SolutionConfigurationPlatforms) = preSolution
		Debug|Any CPU = Debug|Any CPU
		Release|Any CPU = Release|Any CPU
	EndGlobalSection
	GlobalSection(ProjectConfigurationPlatforms) = postSolution
		{C1809522-7253-4E48-B253-7ED989A55F13}.Debug|Any CPU.ActiveCfg = Debug|Any CPU
		{C1809522-7253-4E48-B253-7ED989A55F13}.Debug|Any CPU.Build.0 = Debug|Any CPU
		{C1809522-7253-4E48-B253-7ED989A55F13}.Release|Any CPU.ActiveCfg = Release|Any CPU
		{C1809522-7253-4E48-B253-7ED989A55F13}.Release|Any CPU.Build.0 = Release|Any CPU
	EndGlobalSection
	GlobalSection(SolutionProperties) = preSolution
		HideSolutionNode = FALSE
	EndGlobalSection
	GlobalSection(ExtensibilityGlobals) = postSolution
		SolutionGuid = {80ADEB67-EAC3-46DB-AFD7-3E4FD41C1AEF}
	EndGlobalSection
EndGlobal
